
Microsoft Visual Studio Solution File, Format Version 12.00
# Visual Studio Version 17
VisualStudioVersion = 17.7.34202.233
MinimumVisualStudioVersion = 10.0.40219.1
Project("{9A19103F-16F7-4668-BE54-9A1E7A4F7556}") = "Domain", "Domain\Domain.csproj", "{A6B03042-6811-437A-ACF2-97CF08F3121B}"
EndProject
Project("{9A19103F-16F7-4668-BE54-9A1E7A4F7556}") = "DataAccess", "DataAccess\DataAccess.csproj", "{D1440A44-CB9A-441C-B31F-4B67B6BA0DED}"
EndProject
Project("{FAE04EC0-301F-11D3-BF4B-00C04F79EFBC}") = "Application", "Application\Application.csproj", "{D05BC819-6453-4EC5-A9F4-17CC6946BBCE}"
EndProject
Project("{FAE04EC0-301F-11D3-BF4B-00C04F79EFBC}") = "UserApi", "UserApi\UserApi.csproj", "{4E7260C2-B4E0-4EB0-A20C-6D0B777CF0EB}"
EndProject
Project("{FAE04EC0-301F-11D3-BF4B-00C04F79EFBC}") = "Infrastructure", "Infrastructure\Infrastructure.csproj", "{D45E14E0-6B59-4216-A6CB-C5B69B77FD0D}"
EndProject
Project("{FAE04EC0-301F-11D3-BF4B-00C04F79EFBC}") = "MockDataAccess", "MockDataAccess\MockDataAccess.csproj", "{721CF781-B672-44D4-B565-4F7882871E60}"
EndProject
Global
	GlobalSection(SolutionConfigurationPlatforms) = preSolution
		Debug|Any CPU = Debug|Any CPU
		Release|Any CPU = Release|Any CPU
	EndGlobalSection
	GlobalSection(ProjectConfigurationPlatforms) = postSolution
		{A6B03042-6811-437A-ACF2-97CF08F3121B}.Debug|Any CPU.ActiveCfg = Debug|Any CPU
		{A6B03042-6811-437A-ACF2-97CF08F3121B}.Debug|Any CPU.Build.0 = Debug|Any CPU
		{A6B03042-6811-437A-ACF2-97CF08F3121B}.Release|Any CPU.ActiveCfg = Release|Any CPU
		{A6B03042-6811-437A-ACF2-97CF08F3121B}.Release|Any CPU.Build.0 = Release|Any CPU
		{D1440A44-CB9A-441C-B31F-4B67B6BA0DED}.Debug|Any CPU.ActiveCfg = Debug|Any CPU
		{D1440A44-CB9A-441C-B31F-4B67B6BA0DED}.Debug|Any CPU.Build.0 = Debug|Any CPU
		{D1440A44-CB9A-441C-B31F-4B67B6BA0DED}.Release|Any CPU.ActiveCfg = Release|Any CPU
		{D1440A44-CB9A-441C-B31F-4B67B6BA0DED}.Release|Any CPU.Build.0 = Release|Any CPU
		{D05BC819-6453-4EC5-A9F4-17CC6946BBCE}.Debug|Any CPU.ActiveCfg = Debug|Any CPU
		{D05BC819-6453-4EC5-A9F4-17CC6946BBCE}.Debug|Any CPU.Build.0 = Debug|Any CPU
		{D05BC819-6453-4EC5-A9F4-17CC6946BBCE}.Release|Any CPU.ActiveCfg = Release|Any CPU
		{D05BC819-6453-4EC5-A9F4-17CC6946BBCE}.Release|Any CPU.Build.0 = Release|Any CPU
		{4E7260C2-B4E0-4EB0-A20C-6D0B777CF0EB}.Debug|Any CPU.ActiveCfg = Debug|Any CPU
		{4E7260C2-B4E0-4EB0-A20C-6D0B777CF0EB}.Debug|Any CPU.Build.0 = Debug|Any CPU
		{4E7260C2-B4E0-4EB0-A20C-6D0B777CF0EB}.Release|Any CPU.ActiveCfg = Release|Any CPU
		{4E7260C2-B4E0-4EB0-A20C-6D0B777CF0EB}.Release|Any CPU.Build.0 = Release|Any CPU
		{D45E14E0-6B59-4216-A6CB-C5B69B77FD0D}.Debug|Any CPU.ActiveCfg = Debug|Any CPU
		{D45E14E0-6B59-4216-A6CB-C5B69B77FD0D}.Debug|Any CPU.Build.0 = Debug|Any CPU
		{D45E14E0-6B59-4216-A6CB-C5B69B77FD0D}.Release|Any CPU.ActiveCfg = Release|Any CPU
		{D45E14E0-6B59-4216-A6CB-C5B69B77FD0D}.Release|Any CPU.Build.0 = Release|Any CPU
		{721CF781-B672-44D4-B565-4F7882871E60}.Debug|Any CPU.ActiveCfg = Debug|Any CPU
		{721CF781-B672-44D4-B565-4F7882871E60}.Debug|Any CPU.Build.0 = Debug|Any CPU
		{721CF781-B672-44D4-B565-4F7882871E60}.Release|Any CPU.ActiveCfg = Release|Any CPU
		{721CF781-B672-44D4-B565-4F7882871E60}.Release|Any CPU.Build.0 = Release|Any CPU
	EndGlobalSection
	GlobalSection(SolutionProperties) = preSolution
		HideSolutionNode = FALSE
	EndGlobalSection
	GlobalSection(ExtensibilityGlobals) = postSolution
		SolutionGuid = {845D639B-2DBE-415A-A3E9-1DB2AAE517D7}
	EndGlobalSection
EndGlobal
